
Microsoft Visual Studio Solution File, Format Version 12.00
# Visual Studio Version 17
VisualStudioVersion = 17.14.36603.0 d17.14
MinimumVisualStudioVersion = 10.0.40219.1
Project("{FAE04EC0-301F-11D3-BF4B-00C04F79EFBC}") = "Tablice", "Tablice\Tablice.csproj", "{62A2FCE9-B5F1-4F00-A1CD-B5970231AB2B}"
EndProject
Global
	GlobalSection(SolutionConfigurationPlatforms) = preSolution
		Debug|Any CPU = Debug|Any CPU
		Release|Any CPU = Release|Any CPU
	EndGlobalSection
	GlobalSection(ProjectConfigurationPlatforms) = postSolution
		{62A2FCE9-B5F1-4F00-A1CD-B5970231AB2B}.Debug|Any CPU.ActiveCfg = Debug|Any CPU
		{62A2FCE9-B5F1-4F00-A1CD-B5970231AB2B}.Debug|Any CPU.Build.0 = Debug|Any CPU
		{62A2FCE9-B5F1-4F00-A1CD-B5970231AB2B}.Release|Any CPU.ActiveCfg = Release|Any CPU
		{62A2FCE9-B5F1-4F00-A1CD-B5970231AB2B}.Release|Any CPU.Build.0 = Release|Any CPU
	EndGlobalSection
	GlobalSection(SolutionProperties) = preSolution
		HideSolutionNode = FALSE
	EndGlobalSection
	GlobalSection(ExtensibilityGlobals) = postSolution
		SolutionGuid = {91C09858-9258-4B7F-8863-D53B36D212B5}
	EndGlobalSection
EndGlobal
